# Generated by buf. DO NOT EDIT.
version: v1
deps:
  - remote: buf.build
    owner: envoyproxy
    repository: protoc-gen-validate
    branch: main
    commit: 6607b10f00ed4a3d98f906807131c44a
    digest: b1-BJUoAjBMVXaIMUNFJ5kdGr-be0QDwhDSTEDQpoxXzys=
  - remote: buf.build
    owner: googleapis
    repository: googleapis
    branch: main
    commit: 75b4300737fb4efca0831636be94e517
    digest: b1-H4GHwHVHcJBbVPg-Cdmnx812reFCDQws_QoQ0W2hYQA=
